PODS:
  - LibTorch (1.9.0):
    - LibTorch/Core (= 1.9.0)
  - LibTorch/Core (1.9.0):
    - LibTorch/Torch
  - LibTorch/Torch (1.9.0)

DEPENDENCIES:
  - LibTorch (~> 1.9.0)

SPEC REPOS:
  trunk:
    - LibTorch

SPEC CHECKSUMS:
  LibTorch: d89f452b8b932002bd98884b3921850a95c35e14

PODFILE CHECKSUM: 402e58c69e3253ec31772ef7a4bef39a16814ad0

COCOAPODS: 1.10.2
